// !$*UTF8*$!
{
	archiveVersion = 1;
	classes = {
	};
	objectVersion = 50;
	objects = {

/* Begin PBXBuildFile section */
		184061E922B1E76E0017851B /* AppDelegate.swift in Sources */ = {isa = PBXBuildFile; fileRef = 184061E822B1E76E0017851B /* AppDelegate.swift */; };
		184061EB22B1E76E0017851B /* SceneDelegate.swift in Sources */ = {isa = PBXBuildFile; fileRef = 184061EA22B1E76E0017851B /* SceneDelegate.swift */; };
		184061ED22B1E76E0017851B /* ContentView.swift in Sources */ = {isa = PBXBuildFile; fileRef = 184061EC22B1E76E0017851B /* ContentView.swift */; };
		184061EF22B1E7700017851B /* Assets.xcassets in Resources */ = {isa = PBXBuildFile; fileRef = 184061EE22B1E7700017851B /* Assets.xcassets */; };
		184061F222B1E7700017851B /* Preview Assets.xcassets in Resources */ = {isa = PBXBuildFile; fileRef = 184061F122B1E7700017851B /* Preview Assets.xcassets */; };
		184061F522B1E7700017851B /* LaunchScreen.storyboard in Resources */ = {isa = PBXBuildFile; fileRef = 184061F322B1E7700017851B /* LaunchScreen.storyboard */; };
		184061FD22B1E93F0017851B /* MapView.swift in Sources */ = {isa = PBXBuildFile; fileRef = 184061FC22B1E93F0017851B /* MapView.swift */; };
		184061FF22B1F31E0017851B /* LandMark.swift in Sources */ = {isa = PBXBuildFile; fileRef = 184061FE22B1F31E0017851B /* LandMark.swift */; };
		1840620322B1F4120017851B /* LandMarkDetail.swift in Sources */ = {isa = PBXBuildFile; fileRef = 1840620222B1F4120017851B /* LandMarkDetail.swift */; };
		1840620522B1F46D0017851B /* LandmarkRow.swift in Sources */ = {isa = PBXBuildFile; fileRef = 1840620422B1F46D0017851B /* LandmarkRow.swift */; };
		1840620722B1F6970017851B /* LandMarkList.swift in Sources */ = {isa = PBXBuildFile; fileRef = 1840620622B1F6970017851B /* LandMarkList.swift */; };
		1840620922B1FD4B0017851B /* Data.swift in Sources */ = {isa = PBXBuildFile; fileRef = 1840620822B1FD4B0017851B /* Data.swift */; };
		1840621822B21B200017851B /* turtlerock.jpg in Resources */ = {isa = PBXBuildFile; fileRef = 1840620B22B21B200017851B /* turtlerock.jpg */; };
		1840621922B21B200017851B /* silversalmoncreek.jpg in Resources */ = {isa = PBXBuildFile; fileRef = 1840620C22B21B200017851B /* silversalmoncreek.jpg */; };
		1840621A22B21B200017851B /* icybay.jpg in Resources */ = {isa = PBXBuildFile; fileRef = 1840620D22B21B200017851B /* icybay.jpg */; };
		1840621B22B21B200017851B /* lakemcdonald.jpg in Resources */ = {isa = PBXBuildFile; fileRef = 1840620E22B21B200017851B /* lakemcdonald.jpg */; };
		1840621C22B21B200017851B /* hiddenlake.jpg in Resources */ = {isa = PBXBuildFile; fileRef = 1840620F22B21B200017851B /* hiddenlake.jpg */; };
		1840621D22B21B200017851B /* twinlake.jpg in Resources */ = {isa = PBXBuildFile; fileRef = 1840621022B21B200017851B /* twinlake.jpg */; };
		1840621E22B21B200017851B /* umbagog.jpg in Resources */ = {isa = PBXBuildFile; fileRef = 1840621122B21B200017851B /* umbagog.jpg */; };
		1840621F22B21B200017851B /* landmarkData.json in Resources */ = {isa = PBXBuildFile; fileRef = 1840621222B21B200017851B /* landmarkData.json */; };
		1840622022B21B200017851B /* chincoteague.jpg in Resources */ = {isa = PBXBuildFile; fileRef = 1840621322B21B200017851B /* chincoteague.jpg */; };
		1840622122B21B200017851B /* yukon_charleyrivers.jpg in Resources */ = {isa = PBXBuildFile; fileRef = 1840621422B21B200017851B /* yukon_charleyrivers.jpg */; };
		1840622222B21B200017851B /* stmarylake.jpg in Resources */ = {isa = PBXBuildFile; fileRef = 1840621522B21B200017851B /* stmarylake.jpg */; };
		1840622322B21B200017851B /* chilkoottrail.jpg in Resources */ = {isa = PBXBuildFile; fileRef = 1840621622B21B200017851B /* chilkoottrail.jpg */; };
		1840622422B21B200017851B /* rainbowlake.jpg in Resources */ = {isa = PBXBuildFile; fileRef = 1840621722B21B200017851B /* rainbowlake.jpg */; };
		1840622622B2291A0017851B /* UserData.swift in Sources */ = {isa = PBXBuildFile; fileRef = 1840622522B2291A0017851B /* UserData.swift */; };
		1840622E22B240BF0017851B /* AppDelegate.swift in Sources */ = {isa = PBXBuildFile; fileRef = 1840622D22B240BF0017851B /* AppDelegate.swift */; };
		1840623022B240BF0017851B /* SceneDelegate.swift in Sources */ = {isa = PBXBuildFile; fileRef = 1840622F22B240BF0017851B /* SceneDelegate.swift */; };
		1840623222B240BF0017851B /* ContentView.swift in Sources */ = {isa = PBXBuildFile; fileRef = 1840623122B240BF0017851B /* ContentView.swift */; };
		1840623422B240C00017851B /* Assets.xcassets in Resources */ = {isa = PBXBuildFile; fileRef = 1840623322B240C00017851B /* Assets.xcassets */; };
		1840623722B240C00017851B /* Preview Assets.xcassets in Resources */ = {isa = PBXBuildFile; fileRef = 1840623622B240C00017851B /* Preview Assets.xcassets */; };
		1840623A22B240C00017851B /* LaunchScreen.storyboard in Resources */ = {isa = PBXBuildFile; fileRef = 1840623822B240C00017851B /* LaunchScreen.storyboard */; };
		1840624022B241100017851B /* HexagonParameters.swift in Sources */ = {isa = PBXBuildFile; fileRef = 1840623F22B241100017851B /* HexagonParameters.swift */; };
		1840624222B242970017851B /* Badge.swift in Sources */ = {isa = PBXBuildFile; fileRef = 1840624122B242970017851B /* Badge.swift */; };
		1853F58922B395B4001DAAE0 /* BadgeSymbol.swift in Sources */ = {isa = PBXBuildFile; fileRef = 1853F58822B395B4001DAAE0 /* BadgeSymbol.swift */; };
		1853F58B22B39A69001DAAE0 /* BadgeBackground.swift in Sources */ = {isa = PBXBuildFile; fileRef = 1853F58A22B39A69001DAAE0 /* BadgeBackground.swift */; };
/* End PBXBuildFile section */

/* Begin PBXFileReference section */
		184061E522B1E76E0017851B /* SwiftUI-Tutorials.app */ = {isa = PBXFileReference; explicitFileType = wrapper.application; includeInIndex = 0; path = "SwiftUI-Tutorials.app"; sourceTree = BUILT_PRODUCTS_DIR; };
		184061E822B1E76E0017851B /* AppDelegate.swift */ = {isa = PBXFileReference; lastKnownFileType = sourcecode.swift; path = AppDelegate.swift; sourceTree = "<group>"; };
		184061EA22B1E76E0017851B /* SceneDelegate.swift */ = {isa = PBXFileReference; lastKnownFileType = sourcecode.swift; path = SceneDelegate.swift; sourceTree = "<group>"; };
		184061EC22B1E76E0017851B /* ContentView.swift */ = {isa = PBXFileReference; lastKnownFileType = sourcecode.swift; path = ContentView.swift; sourceTree = "<group>"; };
		184061EE22B1E7700017851B /* Assets.xcassets */ = {isa = PBXFileReference; lastKnownFileType = folder.assetcatalog; path = Assets.xcassets; sourceTree = "<group>"; };
		184061F122B1E7700017851B /* Preview Assets.xcassets */ = {isa = PBXFileReference; lastKnownFileType = folder.assetcatalog; path = "Preview Assets.xcassets"; sourceTree = "<group>"; };
		184061F422B1E7700017851B /* Base */ = {isa = PBXFileReference; lastKnownFileType = file.storyboard; name = Base; path = Base.lproj/LaunchScreen.storyboard; sourceTree = "<group>"; };
		184061F622B1E7700017851B /* Info.plist */ = {isa = PBXFileReference; lastKnownFileType = text.plist.xml; path = Info.plist; sourceTree = "<group>"; };
		184061FC22B1E93F0017851B /* MapView.swift */ = {isa = PBXFileReference; lastKnownFileType = sourcecode.swift; path = MapView.swift; sourceTree = "<group>"; };
		184061FE22B1F31E0017851B /* LandMark.swift */ = {isa = PBXFileReference; lastKnownFileType = sourcecode.swift; path = LandMark.swift; sourceTree = "<group>"; };
		1840620222B1F4120017851B /* LandMarkDetail.swift */ = {isa = PBXFileReference; lastKnownFileType = sourcecode.swift; path = LandMarkDetail.swift; sourceTree = "<group>"; };
		1840620422B1F46D0017851B /* LandmarkRow.swift */ = {isa = PBXFileReference; lastKnownFileType = sourcecode.swift; path = LandmarkRow.swift; sourceTree = "<group>"; };
		1840620622B1F6970017851B /* LandMarkList.swift */ = {isa = PBXFileReference; lastKnownFileType = sourcecode.swift; path = LandMarkList.swift; sourceTree = "<group>"; };
		1840620822B1FD4B0017851B /* Data.swift */ = {isa = PBXFileReference; lastKnownFileType = sourcecode.swift; path = Data.swift; sourceTree = "<group>"; };
		1840620B22B21B200017851B /* turtlerock.jpg */ = {isa = PBXFileReference; lastKnownFileType = image.jpeg; path = turtlerock.jpg; sourceTree = "<group>"; };
		1840620C22B21B200017851B /* silversalmoncreek.jpg */ = {isa = PBXFileReference; lastKnownFileType = image.jpeg; path = silversalmoncreek.jpg; sourceTree = "<group>"; };
		1840620D22B21B200017851B /* icybay.jpg */ = {isa = PBXFileReference; lastKnownFileType = image.jpeg; path = icybay.jpg; sourceTree = "<group>"; };
		1840620E22B21B200017851B /* lakemcdonald.jpg */ = {isa = PBXFileReference; lastKnownFileType = image.jpeg; path = lakemcdonald.jpg; sourceTree = "<group>"; };
		1840620F22B21B200017851B /* hiddenlake.jpg */ = {isa = PBXFileReference; lastKnownFileType = image.jpeg; path = hiddenlake.jpg; sourceTree = "<group>"; };
		1840621022B21B200017851B /* twinlake.jpg */ = {isa = PBXFileReference; lastKnownFileType = image.jpeg; path = twinlake.jpg; sourceTree = "<group>"; };
		1840621122B21B200017851B /* umbagog.jpg */ = {isa = PBXFileReference; lastKnownFileType = image.jpeg; path = umbagog.jpg; sourceTree = "<group>"; };
		1840621222B21B200017851B /* landmarkData.json */ = {isa = PBXFileReference; fileEncoding = 4; lastKnownFileType = text.json; path = landmarkData.json; sourceTree = "<group>"; };
		1840621322B21B200017851B /* chincoteague.jpg */ = {isa = PBXFileReference; lastKnownFileType = image.jpeg; path = chincoteague.jpg; sourceTree = "<group>"; };
		1840621422B21B200017851B /* yukon_charleyrivers.jpg */ = {isa = PBXFileReference; lastKnownFileType = image.jpeg; path = yukon_charleyrivers.jpg; sourceTree = "<group>"; };
		1840621522B21B200017851B /* stmarylake.jpg */ = {isa = PBXFileReference; lastKnownFileType = image.jpeg; path = stmarylake.jpg; sourceTree = "<group>"; };
		1840621622B21B200017851B /* chilkoottrail.jpg */ = {isa = PBXFileReference; lastKnownFileType = image.jpeg; path = chilkoottrail.jpg; sourceTree = "<group>"; };
		1840621722B21B200017851B /* rainbowlake.jpg */ = {isa = PBXFileReference; lastKnownFileType = image.jpeg; path = rainbowlake.jpg; sourceTree = "<group>"; };
		1840622522B2291A0017851B /* UserData.swift */ = {isa = PBXFileReference; lastKnownFileType = sourcecode.swift; path = UserData.swift; sourceTree = "<group>"; };
		1840622B22B240BF0017851B /* Badge.app */ = {isa = PBXFileReference; explicitFileType = wrapper.application; includeInIndex = 0; path = Badge.app; sourceTree = BUILT_PRODUCTS_DIR; };
		1840622D22B240BF0017851B /* AppDelegate.swift */ = {isa = PBXFileReference; lastKnownFileType = sourcecode.swift; path = AppDelegate.swift; sourceTree = "<group>"; };
		1840622F22B240BF0017851B /* SceneDelegate.swift */ = {isa = PBXFileReference; lastKnownFileType = sourcecode.swift; path = SceneDelegate.swift; sourceTree = "<group>"; };
		1840623122B240BF0017851B /* ContentView.swift */ = {isa = PBXFileReference; lastKnownFileType = sourcecode.swift; path = ContentView.swift; sourceTree = "<group>"; };
		1840623322B240C00017851B /* Assets.xcassets */ = {isa = PBXFileReference; lastKnownFileType = folder.assetcatalog; path = Assets.xcassets; sourceTree = "<group>"; };
		1840623622B240C00017851B /* Preview Assets.xcassets */ = {isa = PBXFileReference; lastKnownFileType = folder.assetcatalog; path = "Preview Assets.xcassets"; sourceTree = "<group>"; };
		1840623922B240C00017851B /* Base */ = {isa = PBXFileReference; lastKnownFileType = file.storyboard; name = Base; path = Base.lproj/LaunchScreen.storyboard; sourceTree = "<group>"; };
		1840623B22B240C00017851B /* Info.plist */ = {isa = PBXFileReference; lastKnownFileType = text.plist.xml; path = Info.plist; sourceTree = "<group>"; };
		1840623F22B241100017851B /* HexagonParameters.swift */ = {isa = PBXFileReference; lastKnownFileType = sourcecode.swift; path = HexagonParameters.swift; sourceTree = "<group>"; };
		1840624122B242970017851B /* Badge.swift */ = {isa = PBXFileReference; lastKnownFileType = sourcecode.swift; path = Badge.swift; sourceTree = "<group>"; };
		1853F58822B395B4001DAAE0 /* BadgeSymbol.swift */ = {isa = PBXFileReference; lastKnownFileType = sourcecode.swift; path = BadgeSymbol.swift; sourceTree = "<group>"; };
		1853F58A22B39A69001DAAE0 /* BadgeBackground.swift */ = {isa = PBXFileReference; lastKnownFileType = sourcecode.swift; path = BadgeBackground.swift; sourceTree = "<group>"; };
/* End PBXFileReference section */

/* Begin PBXFrameworksBuildPhase section */
		184061E222B1E76E0017851B /* Frameworks */ = {
			isa = PBXFrameworksBuildPhase;
			buildActionMask = 2147483647;
			files = (
			);
			runOnlyForDeploymentPostprocessing = 0;
		};
		1840622822B240BF0017851B /* Frameworks */ = {
			isa = PBXFrameworksBuildPhase;
			buildActionMask = 2147483647;
			files = (
			);
			runOnlyForDeploymentPostprocessing = 0;
		};
/* End PBXFrameworksBuildPhase section */

/* Begin PBXGroup section */
		184061DC22B1E76E0017851B = {
			isa = PBXGroup;
			children = (
				184061E722B1E76E0017851B /* SwiftUI-Tutorials */,
				1840622C22B240BF0017851B /* Badge */,
				184061E622B1E76E0017851B /* Products */,
			);
			sourceTree = "<group>";
		};
		184061E622B1E76E0017851B /* Products */ = {
			isa = PBXGroup;
			children = (
				184061E522B1E76E0017851B /* SwiftUI-Tutorials.app */,
				1840622B22B240BF0017851B /* Badge.app */,
			);
			name = Products;
			sourceTree = "<group>";
		};
		184061E722B1E76E0017851B /* SwiftUI-Tutorials */ = {
			isa = PBXGroup;
			children = (
				184061E822B1E76E0017851B /* AppDelegate.swift */,
				184061EA22B1E76E0017851B /* SceneDelegate.swift */,
				184061EC22B1E76E0017851B /* ContentView.swift */,
				184061FE22B1F31E0017851B /* LandMark.swift */,
				184061FC22B1E93F0017851B /* MapView.swift */,
				1840620222B1F4120017851B /* LandMarkDetail.swift */,
				1840620422B1F46D0017851B /* LandmarkRow.swift */,
				1840620622B1F6970017851B /* LandMarkList.swift */,
				1840620822B1FD4B0017851B /* Data.swift */,
				1840622522B2291A0017851B /* UserData.swift */,
				1840620A22B21B200017851B /* Resources */,
				184061EE22B1E7700017851B /* Assets.xcassets */,
				184061F322B1E7700017851B /* LaunchScreen.storyboard */,
				184061F622B1E7700017851B /* Info.plist */,
				184061F022B1E7700017851B /* Preview Content */,
			);
			path = "SwiftUI-Tutorials";
			sourceTree = "<group>";
		};
		184061F022B1E7700017851B /* Preview Content */ = {
			isa = PBXGroup;
			children = (
				184061F122B1E7700017851B /* Preview Assets.xcassets */,
			);
			path = "Preview Content";
			sourceTree = "<group>";
		};
		1840620A22B21B200017851B /* Resources */ = {
			isa = PBXGroup;
			children = (
				1840620B22B21B200017851B /* turtlerock.jpg */,
				1840620C22B21B200017851B /* silversalmoncreek.jpg */,
				1840620D22B21B200017851B /* icybay.jpg */,
				1840620E22B21B200017851B /* lakemcdonald.jpg */,
				1840620F22B21B200017851B /* hiddenlake.jpg */,
				1840621022B21B200017851B /* twinlake.jpg */,
				1840621122B21B200017851B /* umbagog.jpg */,
				1840621222B21B200017851B /* landmarkData.json */,
				1840621322B21B200017851B /* chincoteague.jpg */,
				1840621422B21B200017851B /* yukon_charleyrivers.jpg */,
				1840621522B21B200017851B /* stmarylake.jpg */,
				1840621622B21B200017851B /* chilkoottrail.jpg */,
				1840621722B21B200017851B /* rainbowlake.jpg */,
			);
			path = Resources;
			sourceTree = "<group>";
		};
		1840622C22B240BF0017851B /* Badge */ = {
			isa = PBXGroup;
			children = (
				1840622D22B240BF0017851B /* AppDelegate.swift */,
				1840622F22B240BF0017851B /* SceneDelegate.swift */,
				1840623122B240BF0017851B /* ContentView.swift */,
				1840623F22B241100017851B /* HexagonParameters.swift */,
				1840624122B242970017851B /* Badge.swift */,
				1853F58822B395B4001DAAE0 /* BadgeSymbol.swift */,
				1853F58A22B39A69001DAAE0 /* BadgeBackground.swift */,
				1840623322B240C00017851B /* Assets.xcassets */,
				1840623822B240C00017851B /* LaunchScreen.storyboard */,
				1840623B22B240C00017851B /* Info.plist */,
				1840623522B240C00017851B /* Preview Content */,
			);
			path = Badge;
			sourceTree = "<group>";
		};
		1840623522B240C00017851B /* Preview Content */ = {
			isa = PBXGroup;
			children = (
				1840623622B240C00017851B /* Preview Assets.xcassets */,
			);
			path = "Preview Content";
			sourceTree = "<group>";
		};
/* End PBXGroup section */

/* Begin PBXNativeTarget section */
		184061E422B1E76E0017851B /* SwiftUI-Tutorials */ = {
			isa = PBXNativeTarget;
			buildConfigurationList = 184061F922B1E7700017851B /* Build configuration list for PBXNativeTarget "SwiftUI-Tutorials" */;
			buildPhases = (
				184061E122B1E76E0017851B /* Sources */,
				184061E222B1E76E0017851B /* Frameworks */,
				184061E322B1E76E0017851B /* Resources */,
			);
			buildRules = (
			);
			dependencies = (
			);
			name = "SwiftUI-Tutorials";
			productName = "SwiftUI-Tutorials";
			productReference = 184061E522B1E76E0017851B /* SwiftUI-Tutorials.app */;
			productType = "com.apple.product-type.application";
		};
		1840622A22B240BF0017851B /* Badge */ = {
			isa = PBXNativeTarget;
			buildConfigurationList = 1840623E22B240C00017851B /* Build configuration list for PBXNativeTarget "Badge" */;
			buildPhases = (
				1840622722B240BF0017851B /* Sources */,
				1840622822B240BF0017851B /* Frameworks */,
				1840622922B240BF0017851B /* Resources */,
			);
			buildRules = (
			);
			dependencies = (
			);
			name = Badge;
			productName = Badge;
			productReference = 1840622B22B240BF0017851B /* Badge.app */;
			productType = "com.apple.product-type.application";
		};
/* End PBXNativeTarget section */

/* Begin PBXProject section */
		184061DD22B1E76E0017851B /* Project object */ = {
			isa = PBXProject;
			attributes = {
				LastSwiftUpdateCheck = 1100;
				LastUpgradeCheck = 1100;
				ORGANIZATIONNAME = Pszertlek;
				TargetAttributes = {
					184061E422B1E76E0017851B = {
						CreatedOnToolsVersion = 11.0;
					};
					1840622A22B240BF0017851B = {
						CreatedOnToolsVersion = 11.0;
					};
				};
			};
			buildConfigurationList = 184061E022B1E76E0017851B /* Build configuration list for PBXProject "SwiftUI-Tutorials" */;
			compatibilityVersion = "Xcode 9.3";
			developmentRegion = en;
			hasScannedForEncodings = 0;
			knownRegions = (
				en,
				Base,
			);
			mainGroup = 184061DC22B1E76E0017851B;
			productRefGroup = 184061E622B1E76E0017851B /* Products */;
			projectDirPath = "";
			projectRoot = "";
			targets = (
				184061E422B1E76E0017851B /* SwiftUI-Tutorials */,
				1840622A22B240BF0017851B /* Badge */,
			);
		};
/* End PBXProject section */

/* Begin PBXResourcesBuildPhase section */
		184061E322B1E76E0017851B /* Resources */ = {
			isa = PBXResourcesBuildPhase;
			buildActionMask = 2147483647;
			files = (
				1840621B22B21B200017851B /* lakemcdonald.jpg in Resources */,
				1840621922B21B200017851B /* silversalmoncreek.jpg in Resources */,
				1840621F22B21B200017851B /* landmarkData.json in Resources */,
				1840621822B21B200017851B /* turtlerock.jpg in Resources */,
				184061F522B1E7700017851B /* LaunchScreen.storyboard in Resources */,
				1840621E22B21B200017851B /* umbagog.jpg in Resources */,
				1840622222B21B200017851B /* stmarylake.jpg in Resources */,
				1840622022B21B200017851B /* chincoteague.jpg in Resources */,
				184061F222B1E7700017851B /* Preview Assets.xcassets in Resources */,
				1840621A22B21B200017851B /* icybay.jpg in Resources */,
				1840621D22B21B200017851B /* twinlake.jpg in Resources */,
				1840621C22B21B200017851B /* hiddenlake.jpg in Resources */,
				184061EF22B1E7700017851B /* Assets.xcassets in Resources */,
				1840622422B21B200017851B /* rainbowlake.jpg in Resources */,
				1840622322B21B200017851B /* chilkoottrail.jpg in Resources */,
				1840622122B21B200017851B /* yukon_charleyrivers.jpg in Resources */,
			);
			runOnlyForDeploymentPostprocessing = 0;
		};
		1840622922B240BF0017851B /* Resources */ = {
			isa = PBXResourcesBuildPhase;
			buildActionMask = 2147483647;
			files = (
				1840623A22B240C00017851B /* LaunchScreen.storyboard in Resources */,
				1840623722B240C00017851B /* Preview Assets.xcassets in Resources */,
				1840623422B240C00017851B /* Assets.xcassets in Resources */,
			);
			runOnlyForDeploymentPostprocessing = 0;
		};
/* End PBXResourcesBuildPhase section */

/* Begin PBXSourcesBuildPhase section */
		184061E122B1E76E0017851B /* Sources */ = {
			isa = PBXSourcesBuildPhase;
			buildActionMask = 2147483647;
			files = (
				184061E922B1E76E0017851B /* AppDelegate.swift in Sources */,
				1840620522B1F46D0017851B /* LandmarkRow.swift in Sources */,
				184061FF22B1F31E0017851B /* LandMark.swift in Sources */,
				1840620722B1F6970017851B /* LandMarkList.swift in Sources */,
				184061FD22B1E93F0017851B /* MapView.swift in Sources */,
				184061EB22B1E76E0017851B /* SceneDelegate.swift in Sources */,
				1840620322B1F4120017851B /* LandMarkDetail.swift in Sources */,
				1840620922B1FD4B0017851B /* Data.swift in Sources */,
				1840622622B2291A0017851B /* UserData.swift in Sources */,
				184061ED22B1E76E0017851B /* ContentView.swift in Sources */,
			);
			runOnlyForDeploymentPostprocessing = 0;
		};
		1840622722B240BF0017851B /* Sources */ = {
			isa = PBXSourcesBuildPhase;
			buildActionMask = 2147483647;
			files = (
				1840624022B241100017851B /* HexagonParameters.swift in Sources */,
				1840624222B242970017851B /* Badge.swift in Sources */,
				1853F58B22B39A69001DAAE0 /* BadgeBackground.swift in Sources */,
				1840622E22B240BF0017851B /* AppDelegate.swift in Sources */,
				1840623022B240BF0017851B /* SceneDelegate.swift in Sources */,
				1840623222B240BF0017851B /* ContentView.swift in Sources */,
				1853F58922B395B4001DAAE0 /* BadgeSymbol.swift in Sources */,
			);
			runOnlyForDeploymentPostprocessing = 0;
		};
/* End PBXSourcesBuildPhase section */

/* Begin PBXVariantGroup section */
		184061F322B1E7700017851B /* LaunchScreen.storyboard */ = {
			isa = PBXVariantGroup;
			children = (
				184061F422B1E7700017851B /* Base */,
			);
			name = LaunchScreen.storyboard;
			sourceTree = "<group>";
		};
		1840623822B240C00017851B /* LaunchScreen.storyboard */ = {
			isa = PBXVariantGroup;
			children = (
				1840623922B240C00017851B /* Base */,
			);
			name = LaunchScreen.storyboard;
			sourceTree = "<group>";
		};
/* End PBXVariantGroup section */

/* Begin XCBuildConfiguration section */
		184061F722B1E7700017851B /* Debug */ = {
			isa = XCBuildConfiguration;
			buildSettings = {
				ALWAYS_SEARCH_USER_PATHS = NO;
				CLANG_ANALYZER_NONNULL = YES;
				CLANG_ANALYZER_NUMBER_OBJECT_CONVERSION = YES_AGGRESSIVE;
				CLANG_CXX_LANGUAGE_STANDARD = "gnu++14";
				CLANG_CXX_LIBRARY = "libc++";
				CLANG_ENABLE_MODULES = YES;
				CLANG_ENABLE_OBJC_ARC = YES;
				CLANG_ENABLE_OBJC_WEAK = YES;
				CLANG_WARN_BLOCK_CAPTURE_AUTORELEASING = YES;
				CLANG_WARN_BOOL_CONVERSION = YES;
				CLANG_WARN_COMMA = YES;
				CLANG_WARN_CONSTANT_CONVERSION = YES;
				CLANG_WARN_DEPRECATED_OBJC_IMPLEMENTATIONS = YES;
				CLANG_WARN_DIRECT_OBJC_ISA_USAGE = YES_ERROR;
				CLANG_WARN_DOCUMENTATION_COMMENTS = YES;
				CLANG_WARN_EMPTY_BODY = YES;
				CLANG_WARN_ENUM_CONVERSION = YES;
				CLANG_WARN_INFINITE_RECURSION = YES;
				CLANG_WARN_INT_CONVERSION = YES;
				CLANG_WARN_NON_LITERAL_NULL_CONVERSION = YES;
				CLANG_WARN_OBJC_IMPLICIT_RETAIN_SELF = YES;
				CLANG_WARN_OBJC_LITERAL_CONVERSION = YES;
				CLANG_WARN_OBJC_ROOT_CLASS = YES_ERROR;
				CLANG_WARN_RANGE_LOOP_ANALYSIS = YES;
				CLANG_WARN_STRICT_PROTOTYPES = YES;
				CLANG_WARN_SUSPICIOUS_MOVE = YES;
				CLANG_WARN_UNGUARDED_AVAILABILITY = YES_AGGRESSIVE;
				CLANG_WARN_UNREACHABLE_CODE = YES;
				CLANG_WARN__DUPLICATE_METHOD_MATCH = YES;
				COPY_PHASE_STRIP = NO;
				DEBUG_INFORMATION_FORMAT = dwarf;
				ENABLE_STRICT_OBJC_MSGSEND = YES;
				ENABLE_TESTABILITY = YES;
				GCC_C_LANGUAGE_STANDARD = gnu11;
				GCC_DYNAMIC_NO_PIC = NO;
				GCC_NO_COMMON_BLOCKS = YES;
				GCC_OPTIMIZATION_LEVEL = 0;
				GCC_PREPROCESSOR_DEFINITIONS = (
					"DEBUG=1",
					"$(inherited)",
				);
				GCC_WARN_64_TO_32_BIT_CONVERSION = YES;
				GCC_WARN_ABOUT_RETURN_TYPE = YES_ERROR;
				GCC_WARN_UNDECLARED_SELECTOR = YES;
				GCC_WARN_UNINITIALIZED_AUTOS = YES_AGGRESSIVE;
				GCC_WARN_UNUSED_FUNCTION = YES;
				GCC_WARN_UNUSED_VARIABLE = YES;
				IPHONEOS_DEPLOYMENT_TARGET = 13.0;
				MTL_ENABLE_DEBUG_INFO = INCLUDE_SOURCE;
				MTL_FAST_MATH = YES;
				ONLY_ACTIVE_ARCH = YES;
				SDKROOT = iphoneos;
				SWIFT_ACTIVE_COMPILATION_CONDITIONS = DEBUG;
				SWIFT_OPTIMIZATION_LEVEL = "-Onone";
			};
			name = Debug;
		};
		184061F822B1E7700017851B /* Release */ = {
			isa = XCBuildConfiguration;
			buildSettings = {
				ALWAYS_SEARCH_USER_PATHS = NO;
				CLANG_ANALYZER_NONNULL = YES;
				CLANG_ANALYZER_NUMBER_OBJECT_CONVERSION = YES_AGGRESSIVE;
				CLANG_CXX_LANGUAGE_STANDARD = "gnu++14";
				CLANG_CXX_LIBRARY = "libc++";
				CLANG_ENABLE_MODULES = YES;
				CLANG_ENABLE_OBJC_ARC = YES;
				CLANG_ENABLE_OBJC_WEAK = YES;
				CLANG_WARN_BLOCK_CAPTURE_AUTORELEASING = YES;
				CLANG_WARN_BOOL_CONVERSION = YES;
				CLANG_WARN_COMMA = YES;
				CLANG_WARN_CONSTANT_CONVERSION = YES;
				CLANG_WARN_DEPRECATED_OBJC_IMPLEMENTATIONS = YES;
				CLANG_WARN_DIRECT_OBJC_ISA_USAGE = YES_ERROR;
				CLANG_WARN_DOCUMENTATION_COMMENTS = YES;
				CLANG_WARN_EMPTY_BODY = YES;
				CLANG_WARN_ENUM_CONVERSION = YES;
				CLANG_WARN_INFINITE_RECURSION = YES;
				CLANG_WARN_INT_CONVERSION = YES;
				CLANG_WARN_NON_LITERAL_NULL_CONVERSION = YES;
				CLANG_WARN_OBJC_IMPLICIT_RETAIN_SELF = YES;
				CLANG_WARN_OBJC_LITERAL_CONVERSION = YES;
				CLANG_WARN_OBJC_ROOT_CLASS = YES_ERROR;
				CLANG_WARN_RANGE_LOOP_ANALYSIS = YES;
				CLANG_WARN_STRICT_PROTOTYPES = YES;
				CLANG_WARN_SUSPICIOUS_MOVE = YES;
				CLANG_WARN_UNGUARDED_AVAILABILITY = YES_AGGRESSIVE;
				CLANG_WARN_UNREACHABLE_CODE = YES;
				CLANG_WARN__DUPLICATE_METHOD_MATCH = YES;
				COPY_PHASE_STRIP = NO;
				DEBUG_INFORMATION_FORMAT = "dwarf-with-dsym";
				ENABLE_NS_ASSERTIONS = NO;
				ENABLE_STRICT_OBJC_MSGSEND = YES;
				GCC_C_LANGUAGE_STANDARD = gnu11;
				GCC_NO_COMMON_BLOCKS = YES;
				GCC_WARN_64_TO_32_BIT_CONVERSION = YES;
				GCC_WARN_ABOUT_RETURN_TYPE = YES_ERROR;
				GCC_WARN_UNDECLARED_SELECTOR = YES;
				GCC_WARN_UNINITIALIZED_AUTOS = YES_AGGRESSIVE;
				GCC_WARN_UNUSED_FUNCTION = YES;
				GCC_WARN_UNUSED_VARIABLE = YES;
				IPHONEOS_DEPLOYMENT_TARGET = 13.0;
				MTL_ENABLE_DEBUG_INFO = NO;
				MTL_FAST_MATH = YES;
				SDKROOT = iphoneos;
				SWIFT_COMPILATION_MODE = wholemodule;
				SWIFT_OPTIMIZATION_LEVEL = "-O";
				VALIDATE_PRODUCT = YES;
			};
			name = Release;
		};
		184061FA22B1E7700017851B /* Debug */ = {
			isa = XCBuildConfiguration;
			buildSettings = {
				ASSETCATALOG_COMPILER_APPICON_NAME = AppIcon;
				CODE_SIGN_STYLE = Automatic;
				DEVELOPMENT_ASSET_PATHS = "SwiftUI-Tutorials/Preview\\ Content";
				DEVELOPMENT_TEAM = WEZ4TNATDY;
				ENABLE_PREVIEWS = YES;
				INFOPLIST_FILE = "SwiftUI-Tutorials/Info.plist";
				LD_RUNPATH_SEARCH_PATHS = (
					"$(inherited)",
					"@executable_path/Frameworks",
				);
				PRODUCT_BUNDLE_IDENTIFIER = "Pszertlek.SwiftUI-Tutorials";
				PRODUCT_NAME = "$(TARGET_NAME)";
				SWIFT_VERSION = 5.0;
				TARGETED_DEVICE_FAMILY = "1,2";
			};
			name = Debug;
		};
		184061FB22B1E7700017851B /* Release */ = {
			isa = XCBuildConfiguration;
			buildSettings = {
				ASSETCATALOG_COMPILER_APPICON_NAME = AppIcon;
				CODE_SIGN_STYLE = Automatic;
				DEVELOPMENT_ASSET_PATHS = "SwiftUI-Tutorials/Preview\\ Content";
				DEVELOPMENT_TEAM = WEZ4TNATDY;
				ENABLE_PREVIEWS = YES;
				INFOPLIST_FILE = "SwiftUI-Tutorials/Info.plist";
				LD_RUNPATH_SEARCH_PATHS = (
					"$(inherited)",
					"@executable_path/Frameworks",
				);
				PRODUCT_BUNDLE_IDENTIFIER = "Pszertlek.SwiftUI-Tutorials";
				PRODUCT_NAME = "$(TARGET_NAME)";
				SWIFT_VERSION = 5.0;
				TARGETED_DEVICE_FAMILY = "1,2";
			};
			name = Release;
		};
		1840623C22B240C00017851B /* Debug */ = {
			isa = XCBuildConfiguration;
			buildSettings = {
				ASSETCATALOG_COMPILER_APPICON_NAME = AppIcon;
				CODE_SIGN_STYLE = Automatic;
				DEVELOPMENT_ASSET_PATHS = "Badge/Preview\\ Content";
				DEVELOPMENT_TEAM = WEZ4TNATDY;
				ENABLE_PREVIEWS = YES;
				INFOPLIST_FILE = Badge/Info.plist;
				LD_RUNPATH_SEARCH_PATHS = (
					"$(inherited)",
					"@executable_path/Frameworks",
				);
				PRODUCT_BUNDLE_IDENTIFIER = Pszertlek.Badge;
				PRODUCT_NAME = "$(TARGET_NAME)";
				SWIFT_VERSION = 5.0;
				TARGETED_DEVICE_FAMILY = "1,2";
			};
			name = Debug;
		};
		1840623D22B240C00017851B /* Release */ = {
			isa = XCBuildConfiguration;
			buildSettings = {
				ASSETCATALOG_COMPILER_APPICON_NAME = AppIcon;
				CODE_SIGN_STYLE = Automatic;
				DEVELOPMENT_ASSET_PATHS = "Badge/Preview\\ Content";
				DEVELOPMENT_TEAM = WEZ4TNATDY;
				ENABLE_PREVIEWS = YES;
				INFOPLIST_FILE = Badge/Info.plist;
				LD_RUNPATH_SEARCH_PATHS = (
					"$(inherited)",
					"@executable_path/Frameworks",
				);
				PRODUCT_BUNDLE_IDENTIFIER = Pszertlek.Badge;
				PRODUCT_NAME = "$(TARGET_NAME)";
				SWIFT_VERSION = 5.0;
				TARGETED_DEVICE_FAMILY = "1,2";
			};
			name = Release;
		};
/* End XCBuildConfiguration section */

/* Begin XCConfigurationList section */
		184061E022B1E76E0017851B /* Build configuration list for PBXProject "SwiftUI-Tutorials" */ = {
			isa = XCConfigurationList;
			buildConfigurations = (
				184061F722B1E7700017851B /* Debug */,
				184061F822B1E7700017851B /* Release */,
			);
			defaultConfigurationIsVisible = 0;
			defaultConfigurationName = Release;
		};
		184061F922B1E7700017851B /* Build configuration list for PBXNativeTarget "SwiftUI-Tutorials" */ = {
			isa = XCConfigurationList;
			buildConfigurations = (
				184061FA22B1E7700017851B /* Debug */,
				184061FB22B1E7700017851B /* Release */,
			);
			defaultConfigurationIsVisible = 0;
			defaultConfigurationName = Release;
		};
		1840623E22B240C00017851B /* Build configuration list for PBXNativeTarget "Badge" */ = {
			isa = XCConfigurationList;
			buildConfigurations = (
				1840623C22B240C00017851B /* Debug */,
				1840623D22B240C00017851B /* Release */,
			);
			defaultConfigurationIsVisible = 0;
			defaultConfigurationName = Release;
		};
/* End XCConfigurationList section */
	};
	rootObject = 184061DD22B1E76E0017851B /* Project object */;
}
